{
  "version": "3",
  "packages": {
    "specifiers": {
      "jsr:@hono/hono@^4.5.3": "jsr:@hono/hono@4.5.3",
      "jsr:@std/path@^1.0.2": "jsr:@std/path@1.0.2"
    },
    "jsr": {
      "@hono/hono@4.5.3": {
        "integrity": "429923b2b3c6586a1450862328d61a1346fee5841e8ae86c494250475057213c"
      },
      "@std/path@1.0.2": {
        "integrity": "a452174603f8c620bd278a380c596437a9eef50c891c64b85812f735245d9ec7"
      }
    }
  },
  "redirects": {
    "https://esm.sh/octokit?dts": "https://esm.sh/octokit@3.1.1?dts"
  },
  "remote": {
    "https://esm.sh/octokit@3.1.1?dts": "f6ca414c8ec49dfb738b442eaea53956dd22d1afda33baa8df341185fad6b553",
    "https://esm.sh/v132/@octokit/app@14.0.0/denonext/app.mjs": "660db7abb5831110a12017a317fa1fe45b303c3a61d299a12c5f4dfb972990db",
    "https://esm.sh/v132/@octokit/auth-app@6.0.0/denonext/auth-app.mjs": "5833c3fdd9249d53d1c33652eb6f4a3b238ed21f303fa7cd4475e9342dcb8ea2",
    "https://esm.sh/v132/@octokit/auth-oauth-app@7.0.0/denonext/auth-oauth-app.mjs": "d24f9baa219f4da5828f7395f3b149d0529eff900eed456efeef752e18314a63",
    "https://esm.sh/v132/@octokit/auth-oauth-device@6.0.0/denonext/auth-oauth-device.mjs": "3e398998f4e34a4beccf9e71ff89f01cae0191ebf6c57926479af430174a1419",
    "https://esm.sh/v132/@octokit/auth-oauth-user@4.0.0/denonext/auth-oauth-user.mjs": "314e2b8a9c5e844f43ef551b487a4fe7cc096245155b7bfc11788c6706878e86",
    "https://esm.sh/v132/@octokit/auth-token@4.0.0/denonext/auth-token.mjs": "ab9285959f2bc3ca7942bfb81df3e2f15f5895c829455156647faa403b75703b",
    "https://esm.sh/v132/@octokit/auth-unauthenticated@5.0.0/denonext/auth-unauthenticated.mjs": "5c2690a2af409c0e9abe13b6188fee74bd157f787ebbe8d2377813b696b2a74e",
    "https://esm.sh/v132/@octokit/core@5.0.0/denonext/core.mjs": "3ba35fb190fc3296e0359f34314aa7ae5a5795dbd72d7068a74c553533191959",
    "https://esm.sh/v132/@octokit/core@5.0.1/denonext/core.mjs": "5216359fc54ec781df4239e1a3e956909b01eafcbdd07d4ccb27f22627af937c",
    "https://esm.sh/v132/@octokit/endpoint@9.0.0/denonext/endpoint.mjs": "e12041e99a773321b0d175a860b81b7c39708de6dbadddfe3398ee159b8c9e9e",
    "https://esm.sh/v132/@octokit/graphql@7.0.1/denonext/graphql.mjs": "51816b6e7188dce0e3d7435251e7310157ad20658673def6e9fa47e816654dfc",
    "https://esm.sh/v132/@octokit/oauth-app@6.0.0/denonext/oauth-app.mjs": "0b448785123ee4fe3e2bf1a08e74964100aaaefb0507e99d5563b057d05cb1a9",
    "https://esm.sh/v132/@octokit/oauth-authorization-url@6.0.2/denonext/oauth-authorization-url.mjs": "c4a3809c1092ab4135bbb65ba82e885b915a3e0b68e8c9554c98766388baa399",
    "https://esm.sh/v132/@octokit/oauth-methods@4.0.0/denonext/oauth-methods.mjs": "fd10083bf9e2ed4beeccdab7a40ba3181cd1cc76958521cdc0c395c63cdb665e",
    "https://esm.sh/v132/@octokit/plugin-paginate-graphql@4.0.0/denonext/plugin-paginate-graphql.mjs": "6d2abafdadec31dc3afb9308c18a44b51b834357011d67dce611817196ac032f",
    "https://esm.sh/v132/@octokit/plugin-paginate-rest@8.0.0/denonext/plugin-paginate-rest.mjs": "8ed6e17dcb65d460c99fe3c3133c20b566fa2c7c4aedcf931e795ea2ca46e24f",
    "https://esm.sh/v132/@octokit/plugin-paginate-rest@9.0.0/denonext/plugin-paginate-rest.mjs": "aa8290a0835e2acb92abaca27d33d5991d5fe6d2d1bc9ddbd806640879d1ef62",
    "https://esm.sh/v132/@octokit/plugin-rest-endpoint-methods@10.0.0/denonext/plugin-rest-endpoint-methods.mjs": "6f82d6f255b776ccb978b1d9906e9c54e6033c0a155998188969271a8b68ce4e",
    "https://esm.sh/v132/@octokit/plugin-retry@6.0.1/denonext/plugin-retry.mjs": "75c8e20950f4a5800d3a2b0761103c320448d2a397342f145b2a289615b9fd4f",
    "https://esm.sh/v132/@octokit/plugin-throttling@8.0.0/denonext/plugin-throttling.mjs": "d75029ad0dde43588a6a5fe1bf3cf448a1c4035cefd093016d1590f937415a60",
    "https://esm.sh/v132/@octokit/request-error@5.0.0/denonext/request-error.mjs": "dfc75ef3272174505d06ccd7bb0128ccc81603bf6c3d45d4089bcf57de956fc2",
    "https://esm.sh/v132/@octokit/request@8.1.1/denonext/request.mjs": "9188b4e13c35b697fd9a61c164d3e3f9fe01c8c70a8807a01f2f790cf8baf06f",
    "https://esm.sh/v132/@octokit/request@8.1.2/denonext/request.mjs": "bc73f7ebde1564cb66994a6e3bdc8e06c75caa9ff43c63e6ebcfc71c38d4d36d",
    "https://esm.sh/v132/@octokit/webhooks-methods@4.0.0/denonext/webhooks-methods.mjs": "b44d80a07e6e698c95a2fc2789e2caf10b4ff821300e947b2e79c449453a7a19",
    "https://esm.sh/v132/@octokit/webhooks@12.0.3/denonext/webhooks.mjs": "0cfd18152589f098ba5d8bde4bd0e884c51e61ae814f93dd77707682291706f1",
    "https://esm.sh/v132/aggregate-error@3.1.0/denonext/aggregate-error.mjs": "b28a9c083fba80c73d235f2ef8869695ac288af1fb371469aa218ea9128a209a",
    "https://esm.sh/v132/before-after-hook@2.2.3/denonext/before-after-hook.mjs": "f4262d059d899d7fcaa8d903bcf352df38ac1c040bb45273d79de200ffdad267",
    "https://esm.sh/v132/bottleneck@2.19.5/denonext/light.js": "964cbaaa1bf999d34a2410023ae269f921c82c72009c707a1fd02fb6abad5b1d",
    "https://esm.sh/v132/btoa-lite@1.0.0/denonext/btoa-lite.mjs": "5f8ecdf77c8824225e30cf84b62ded0fa667ef51fe1a8b772b1ddf46410bf78f",
    "https://esm.sh/v132/clean-stack@2.2.0/denonext/clean-stack.mjs": "8a2732fd195c0663d9f8a3957932215f3d4cb45dbe2f4747c9f39a966a4f067b",
    "https://esm.sh/v132/deprecation@2.3.1/denonext/deprecation.mjs": "0bf7139d1068345709e59dddb4daea315691d290a8c896a6e076dea02dd66eaf",
    "https://esm.sh/v132/indent-string@4.0.0/denonext/indent-string.mjs": "de4038b836a42fe2a7c453bd0b44cdae706a9560bbef99b1857c13f9d55ace14",
    "https://esm.sh/v132/is-plain-object@5.0.0/denonext/is-plain-object.mjs": "6d9568ddc8b90de99a46c63e14984810280b6b021dc4e478803b3c240811985f",
    "https://esm.sh/v132/lru-cache@10.0.1/denonext/lru-cache.mjs": "0bf693a0bedd7806c7bf2f336f83ec6dd1933b881703cf59bee326573473aa35",
    "https://esm.sh/v132/octokit@3.1.1/denonext/octokit.mjs": "0e285b3d873811676198696ae4972e4531760d98772f48f08c5edde8092dbe86",
    "https://esm.sh/v132/once@1.4.0/denonext/once.mjs": "afcb39a581b8e3b52af3ce15acb08b0f6a162478c68dab3526ee68b9295a8ddf",
    "https://esm.sh/v132/universal-github-app-jwt@1.1.1/denonext/universal-github-app-jwt.mjs": "546280ef9d50e167172bc039c0c2f4348a728ae1732f467af726b08491d2ea18",
    "https://esm.sh/v132/universal-user-agent@6.0.0/denonext/universal-user-agent.mjs": "2969647abd054007e6d838dd2ecc7de9c513c18c43322dfa3de57eec8d2d6447",
    "https://esm.sh/v132/wrappy@1.0.2/denonext/wrappy.mjs": "3c31e4782e0307cf56b319fcec6110f925dafe6cb47a8fa23350d480f5fa8b06"
  },
  "workspace": {
    "dependencies": [
      "jsr:@hono/hono@^4.5.3",
      "jsr:@std/path@^1.0.2"
    ]
  }
}
